
Microsoft Visual Studio Solution File, Format Version 12.00
# Visual Studio Version 16
VisualStudioVersion = 16.0.34114.132
MinimumVisualStudioVersion = 10.0.40219.1
Project("{FAE04EC0-301F-11D3-BF4B-00C04F79EFBC}") = "Mission Control", "Mission Control.csproj", "{2A74E246-D9BB-478F-8401-94F5FEFA18C0}"
EndProject
Global
	GlobalSection(SolutionConfigurationPlatforms) = preSolution
		Debug|Any CPU = Debug|Any CPU
		Release|Any CPU = Release|Any CPU
	EndGlobalSection
	GlobalSection(ProjectConfigurationPlatforms) = postSolution
		{2A74E246-D9BB-478F-8401-94F5FEFA18C0}.Debug|Any CPU.ActiveCfg = Debug|Any CPU
		{2A74E246-D9BB-478F-8401-94F5FEFA18C0}.Debug|Any CPU.Build.0 = Debug|Any CPU
		{2A74E246-D9BB-478F-8401-94F5FEFA18C0}.Release|Any CPU.ActiveCfg = Release|Any CPU
		{2A74E246-D9BB-478F-8401-94F5FEFA18C0}.Release|Any CPU.Build.0 = Release|Any CPU
	EndGlobalSection
	GlobalSection(SolutionProperties) = preSolution
		HideSolutionNode = FALSE
	EndGlobalSection
	GlobalSection(ExtensibilityGlobals) = postSolution
		SolutionGuid = {B5717D1F-B598-4086-842F-A4EAC9D4ABE1}
	EndGlobalSection
EndGlobal
